github.com/go-chi/chi/v5 v5.1.0 h1:acVI1TYaD+hhedDJ3r54HyA6sExp3HfXq7QWEEY/xMw=
github.com/go-chi/chi/v5 v5.1.0/go.mod h1:DslCQbL2OYiznFReuXYUmQ2hGd1aDpCnlMNITLSKoi8=
github.com/golang-jwt/jwt/v4 v4.5.0 h1:7cYmW1XlMY7h7ii7UhUyChSgS5wUJEnm9uZVTGqOWzg=
github.com/golang-jwt/jwt/v4 v4.5.0/go.mod h1:m21LjoU+eqJr34lmDMbreY2eSTRJ1cv77w39/MY0Ch0=
github.com/theplant/luhn v0.0.0-20170224032821-81a1a381387a h1:8Yp+jFiOdzOTk/YQcKEA/ccK0NQD3LT965HrQgNqd3o=
github.com/theplant/luhn v0.0.0-20170224032821-81a1a381387a/go.mod h1:ZaMGXj0IgDRrzbd+S4SJEqxUQSOhbsyCbM6hXiIhnXM=
